
Microsoft Visual Studio Solution File, Format Version 12.00
# Visual Studio 15
VisualStudioVersion = 15.0.27130.2010
MinimumVisualStudioVersion = 10.0.40219.1
Project("{9A19103F-16F7-4668-BE54-9A1E7A4F7556}") = "AppMetricsSerilogReporter", "src\AppMetricsSerilogReporter\AppMetricsSerilogReporter.csproj", "{14241B93-B31F-442F-A371-9FA8B0405D40}"
EndProject
Project("{9A19103F-16F7-4668-BE54-9A1E7A4F7556}") = "App.Metrics.Reporting.Serilog.Test", "test\AppMetricsSerilogReporter.Tests\AppMetricsSerilogReporter.Tests.csproj", "{4CB94204-E827-4CE2-A1F8-2347D1349E23}"
EndProject
Project("{FAE04EC0-301F-11D3-BF4B-00C04F79EFBC}") = "AppMetricsSerilogReporter.Example", "example\AppMetricsSerilogReporter.Example\AppMetricsSerilogReporter.Example.csproj", "{69F2F8FC-C7F9-41C5-8480-22B61884306C}"
EndProject
Global
	GlobalSection(SolutionConfigurationPlatforms) = preSolution
		Debug|Any CPU = Debug|Any CPU
		Release|Any CPU = Release|Any CPU
	EndGlobalSection
	GlobalSection(ProjectConfigurationPlatforms) = postSolution
		{14241B93-B31F-442F-A371-9FA8B0405D40}.Debug|Any CPU.ActiveCfg = Debug|Any CPU
		{14241B93-B31F-442F-A371-9FA8B0405D40}.Debug|Any CPU.Build.0 = Debug|Any CPU
		{14241B93-B31F-442F-A371-9FA8B0405D40}.Release|Any CPU.ActiveCfg = Release|Any CPU
		{14241B93-B31F-442F-A371-9FA8B0405D40}.Release|Any CPU.Build.0 = Release|Any CPU
		{4CB94204-E827-4CE2-A1F8-2347D1349E23}.Debug|Any CPU.ActiveCfg = Debug|Any CPU
		{4CB94204-E827-4CE2-A1F8-2347D1349E23}.Debug|Any CPU.Build.0 = Debug|Any CPU
		{4CB94204-E827-4CE2-A1F8-2347D1349E23}.Release|Any CPU.ActiveCfg = Release|Any CPU
		{4CB94204-E827-4CE2-A1F8-2347D1349E23}.Release|Any CPU.Build.0 = Release|Any CPU
		{69F2F8FC-C7F9-41C5-8480-22B61884306C}.Debug|Any CPU.ActiveCfg = Debug|Any CPU
		{69F2F8FC-C7F9-41C5-8480-22B61884306C}.Debug|Any CPU.Build.0 = Debug|Any CPU
		{69F2F8FC-C7F9-41C5-8480-22B61884306C}.Release|Any CPU.ActiveCfg = Release|Any CPU
		{69F2F8FC-C7F9-41C5-8480-22B61884306C}.Release|Any CPU.Build.0 = Release|Any CPU
	EndGlobalSection
	GlobalSection(SolutionProperties) = preSolution
		HideSolutionNode = FALSE
	EndGlobalSection
	GlobalSection(ExtensibilityGlobals) = postSolution
		SolutionGuid = {2B487EEF-EBE0-4391-8514-8AA5978E008D}
	EndGlobalSection
EndGlobal
